<?xml version="1.0" encoding="utf-8"?>
<Project ToolsVersion="4.0" xmlns="http://schemas.microsoft.com/developer/msbuild/2003">
  <ItemGroup>
    <Filter Include="소스 파일">
      <UniqueIdentifier>{4FC737F1-C7A5-4376-A066-2A32D752A2FF}</UniqueIdentifier>
      <Extensions>cpp;c;cc;cxx;c++;cppm;ixx;def;odl;idl;hpj;bat;asm;asmx</Extensions>
    </Filter>
    <Filter Include="헤더 파일">
      <UniqueIdentifier>{93995380-89BD-4b04-88EB-625FBE52EBFB}</UniqueIdentifier>
      <Extensions>h;hh;hpp;hxx;h++;hm;inl;inc;ipp;xsd</Extensions>
    </Filter>
    <Filter Include="테스트 파일">
      <UniqueIdentifier>{ea9609a7-95b0-44f4-b64d-332ec963d5c6}</UniqueIdentifier>
    </Filter>
  </ItemGroup>
  <ItemGroup>
    <None Include=".gitignore" />
    <None Include="packages.config" />
  </ItemGroup>
  <ItemGroup>
    <ClCompile Include="main.cpp">
      <Filter>소스 파일</Filter>
    </ClCompile>
    <ClCompile Include="writecommand_test.cpp">
      <Filter>테스트 파일</Filter>
    </ClCompile>
    <ClCompile Include="file_io.cpp">
      <Filter>소스 파일</Filter>
    </ClCompile>
    <ClCompile Include="readcommand.cpp">
      <Filter>소스 파일</Filter>
    </ClCompile>
    <ClCompile Include="readcommand_test.cpp">
      <Filter>테스트 파일</Filter>
    </ClCompile>
    <ClCompile Include="command_parser_test.cpp">
      <Filter>테스트 파일</Filter>
    </ClCompile>
    <ClCompile Include="command_parser.cpp">
      <Filter>소스 파일</Filter>
    </ClCompile>
    <ClCompile Include="writecommand.cpp">
      <Filter>소스 파일</Filter>
    </ClCompile>
    <ClCompile Include="command_factory_test.cpp">
      <Filter>테스트 파일</Filter>
    </ClCompile>
    <ClCompile Include="command_factory.cpp">
      <Filter>소스 파일</Filter>
    </ClCompile>
    <ClCompile Include="file_io_test.cpp">
      <Filter>테스트 파일</Filter>
    </ClCompile>
    <ClCompile Include="full_path_test.cpp">
      <Filter>테스트 파일</Filter>
    </ClCompile>
    <ClCompile Include="ssd_operation_handler.cpp">
      <Filter>소스 파일</Filter>
    </ClCompile>
    <ClCompile Include="erasecommand.cpp">
      <Filter>소스 파일</Filter>
    </ClCompile>
    <ClCompile Include="erasecommand_test.cpp">
      <Filter>테스트 파일</Filter>
    </ClCompile>
    <ClCompile Include="command_buffer.cpp">
      <Filter>소스 파일</Filter>
    </ClCompile>
    <ClCompile Include="ssd_sequence_test.cpp">
      <Filter>테스트 파일</Filter>
    </ClCompile>
    <ClCompile Include="flushcommand.cpp">
      <Filter>소스 파일</Filter>
    </ClCompile>
    <ClCompile Include="command_registrtaion.cpp">
      <Filter>소스 파일</Filter>
    </ClCompile>
    <ClCompile Include="command_creator.h">
      <Filter>헤더 파일</Filter>
    </ClCompile>
    <ClCompile Include="command_runner.h">
      <Filter>헤더 파일</Filter>
    </ClCompile>
    <ClCompile Include="command_runner.cpp">
      <Filter>소스 파일</Filter>
    </ClCompile>
    <ClCompile Include="command_optimizer.cpp">
      <Filter>소스 파일</Filter>
    </ClCompile>
    <ClCompile Include="$(MSBuildThisFileDirectory)..\..\lib\native\src\gtest\gtest-all.cc">
      <Filter>소스 파일</Filter>
    </ClCompile>
    <ClCompile Include="$(MSBuildThisFileDirectory)..\..\lib\native\src\gmock\gmock-all.cc">
      <Filter>소스 파일</Filter>
    </ClCompile>
  </ItemGroup>
  <ItemGroup>
    <ClInclude Include="file_io.h">
      <Filter>헤더 파일</Filter>
    </ClInclude>
    <ClInclude Include="readcommand.h">
      <Filter>헤더 파일</Filter>
    </ClInclude>
    <ClInclude Include="command_parser.h">
      <Filter>헤더 파일</Filter>
    </ClInclude>
    <ClInclude Include="ICommand.h">
      <Filter>헤더 파일</Filter>
    </ClInclude>
    <ClInclude Include="writecommand.h">
      <Filter>헤더 파일</Filter>
    </ClInclude>
    <ClInclude Include="command_factory.h">
      <Filter>헤더 파일</Filter>
    </ClInclude>
    <ClInclude Include="ssd_operation_handler.h">
      <Filter>헤더 파일</Filter>
    </ClInclude>
    <ClInclude Include="erasecommand.h">
      <Filter>헤더 파일</Filter>
    </ClInclude>
    <ClInclude Include="command_buffer.h">
      <Filter>헤더 파일</Filter>
    </ClInclude>
    <ClInclude Include="flushcommand.h">
      <Filter>헤더 파일</Filter>
    </ClInclude>
    <ClInclude Include="IFileIO.h">
    <ClInclude Include="command_optimizer.h">
      <Filter>헤더 파일</Filter>
    </ClInclude>
  </ItemGroup>
</Project>