<?xml version="1.0" encoding="utf-8"?>
<Project ToolsVersion="4.0" xmlns="http://schemas.microsoft.com/developer/msbuild/2003">
  <ItemGroup>
    <ClCompile Include="main.cpp" />
    <ClCompile Include="shell_write.h" />
    <ClCompile Include="shell_write_test.cpp" />
    <ClCompile Include="testscript.cpp" />
    <ClCompile Include="testscript_test.cpp" />
    <ClCompile Include="$(MSBuildThisFileDirectory)..\..\lib\native\src\gtest\gtest-all.cc" />
    <ClCompile Include="$(MSBuildThisFileDirectory)..\..\lib\native\src\gmock\gmock-all.cc" />
    <ClCompile Include="process_executor.cpp" />
    <ClCompile Include="shell_read_test.cpp" />
    <ClCompile Include="shell_read.cpp" />
    <ClCompile Include="shell_write.cpp" />
    <ClCompile Include="shell_full_write.cpp" />
    <ClCompile Include="shell.cpp" />
    <ClCompile Include="shell_help.cpp" />
    <ClCompile Include="shell_help_test.cpp" />
    <ClCompile Include="shell_test.cpp" />
    <ClCompile Include="File.cpp" />
    <ClCompile Include="ishell_command.h" />
    <ClCompile Include="testscriptfactory.cpp" />
    <ClCompile Include="shell_full_read.cpp" />
    <ClCompile Include="shell_full_read_test.cpp" />
    <ClCompile Include="shell_erase.cpp" />
    <ClCompile Include="shell_erase_test.cpp" />
    <ClCompile Include="shell_erase_range.cpp" />
    <ClCompile Include="shell_erase_range_test.cpp" />
    <ClCompile Include="logger.cpp" />
    <ClCompile Include="logger_test.cpp" />
    <ClCompile Include="shell_flush.cpp" />
    <ClCompile Include="testscript_util.cpp" />
  </ItemGroup>
  <ItemGroup>
    <ClCompile Include="$(MSBuildThisFileDirectory)..\..\lib\native\src\gtest\gtest-all.cc">
      <Filter>소스 파일</Filter>
    </ClCompile>
    <ClCompile Include="$(MSBuildThisFileDirectory)..\..\lib\native\src\gmock\gmock-all.cc">
      <Filter>소스 파일</Filter>
    </ClCompile>
    <ClCompile Include="main.cpp">
      <Filter>소스 파일</Filter>
    </ClCompile>
    <ClCompile Include="shell_write_test.cpp">
      <Filter>소스 파일</Filter>
    </ClCompile>
    <ClInclude Include="iprocess_executor.h" />
    <ClInclude Include="process_executor.h" />
    <ClInclude Include="testscript.h" />
    <ClInclude Include="test.h" />
  </ItemGroup>
  <ItemGroup>
    <None Include="packages.config" />
  </ItemGroup>
  <ItemGroup>
    <ClInclude Include="iprocess_executor.h">
      <Filter>헤더 파일</Filter>
    </ClInclude>
    <ClInclude Include="process_executor.h">
      <Filter>헤더 파일</Filter>
    </ClInclude>
    <ClInclude Include="shell_read.h" />
    <ClInclude Include="shell_full_write.h" />
    <ClInclude Include="shell.h" />
    <ClInclude Include="shell_help.h" />
    <ClInclude Include="File.h" />
    <ClInclude Include="testscriptfactory.h" />
    <ClInclude Include="shell_full_read.h" />
    <ClInclude Include="shell_erase.h" />
    <ClInclude Include="shell_erase_range.h" />
    <ClInclude Include="logger.h" />
    <ClInclude Include="shell_flush.h" />
    <ClInclude Include="testscript_util.h" />
    <ClInclude Include="testscriptlog.h" />
  </ItemGroup>
</Project>